{
  "name": "se-23",
  "lockfileVersion": 3,
  "requires": true,
  "packages": {
    "": {
      "dependencies": {
        "lodash": "^4.17.21",
        "rambda": "^8.3.0"
      }
    },
    "node_modules/lodash": {
      "version": "4.17.21",
      "resolved": "https://registry.npmjs.org/lodash/-/lodash-4.17.21.tgz",
      "integrity": "sha512-v2kDEe57lecTulaDIuNTPy3Ry4gLGJ6Z1O3vE1krgXZNrsQ+LFTGHVxVjcXPs17LhbZVGedAJv8XZ1tvj5FvSg=="
    },
    "node_modules/rambda": {
      "version": "8.3.0",
      "resolved": "https://registry.npmjs.org/rambda/-/rambda-8.3.0.tgz",
      "integrity": "sha512-XN5B8zIB6efO9Y9SrzdLQyk6XX3U7OyWESIvNYnm7AH8KCbXBtzsUVFaJYpUcIx5VahmvNV7fNjevR/ohc90jw=="
    }
  }
}
